// !$*UTF8*$!
{
	archiveVersion = 1;
	classes = {
	};
	objectVersion = 56;
	objects = {

/* Begin PBXBuildFile section */
		4B4AD7B929B9091400C0798D /* FilmNegatives.mp4 in Resources */ = {isa = PBXBuildFile; fileRef = 4B4AD7B829B9091400C0798D /* FilmNegatives.mp4 */; };
		4B515BEE29B8002000FB9063 /* RatingView.swift in Sources */ = {isa = PBXBuildFile; fileRef = 4B515BED29B8002000FB9063 /* RatingView.swift */; };
		4B515BF029B8002500FB9063 /* SearchView.swift in Sources */ = {isa = PBXBuildFile; fileRef = 4B515BEF29B8002500FB9063 /* SearchView.swift */; };
		4B515BF229B8003A00FB9063 /* BookmarkView.swift in Sources */ = {isa = PBXBuildFile; fileRef = 4B515BF129B8003A00FB9063 /* BookmarkView.swift */; };
		4B515BF429B8004400FB9063 /* DropDownView.swift in Sources */ = {isa = PBXBuildFile; fileRef = 4B515BF329B8004400FB9063 /* DropDownView.swift */; };
		4B515BF829B8007500FB9063 /* Utilities.swift in Sources */ = {isa = PBXBuildFile; fileRef = 4B515BF729B8007500FB9063 /* Utilities.swift */; };
		4B515BFC29B8007F00FB9063 /* TmdbRequest.swift in Sources */ = {isa = PBXBuildFile; fileRef = 4B515BFA29B8007F00FB9063 /* TmdbRequest.swift */; };
		4B515BFD29B8007F00FB9063 /* Models.swift in Sources */ = {isa = PBXBuildFile; fileRef = 4B515BFB29B8007F00FB9063 /* Models.swift */; };
		4B515BFF29B804AF00FB9063 /* PhoneSignUpView.swift in Sources */ = {isa = PBXBuildFile; fileRef = 4B515BFE29B804AF00FB9063 /* PhoneSignUpView.swift */; };
		4B515C0229B8058200FB9063 /* CountryData.swift in Sources */ = {isa = PBXBuildFile; fileRef = 4B515C0029B8058200FB9063 /* CountryData.swift */; };
		4B515C0329B8058200FB9063 /* Decoder.swift in Sources */ = {isa = PBXBuildFile; fileRef = 4B515C0129B8058200FB9063 /* Decoder.swift */; };
		4B515C0529B805C200FB9063 /* CountryNumbers.json in Resources */ = {isa = PBXBuildFile; fileRef = 4B515C0429B805C200FB9063 /* CountryNumbers.json */; };
		4B515C0729B805ED00FB9063 /* InitialSelectionView.swift in Sources */ = {isa = PBXBuildFile; fileRef = 4B515C0629B805ED00FB9063 /* InitialSelectionView.swift */; };
		4B515C0929B8164E00FB9063 /* UserProfileView.swift in Sources */ = {isa = PBXBuildFile; fileRef = 4B515C0829B8164E00FB9063 /* UserProfileView.swift */; };
		4B88104629B7FD8100AA6D5A /* CatalogView.swift in Sources */ = {isa = PBXBuildFile; fileRef = 4B88104529B7FD8100AA6D5A /* CatalogView.swift */; };
		4B88104829B7FDED00AA6D5A /* DetailView.swift in Sources */ = {isa = PBXBuildFile; fileRef = 4B88104729B7FDED00AA6D5A /* DetailView.swift */; };
		4B8CE85429B7E68B00058026 /* arvoApp.swift in Sources */ = {isa = PBXBuildFile; fileRef = 4B8CE85329B7E68B00058026 /* arvoApp.swift */; };
		4B8CE85629B7E68B00058026 /* ContentView.swift in Sources */ = {isa = PBXBuildFile; fileRef = 4B8CE85529B7E68B00058026 /* ContentView.swift */; };
		4B8CE85829B7E68C00058026 /* Assets.xcassets in Resources */ = {isa = PBXBuildFile; fileRef = 4B8CE85729B7E68C00058026 /* Assets.xcassets */; };
		4B8CE85B29B7E68C00058026 /* Preview Assets.xcassets in Resources */ = {isa = PBXBuildFile; fileRef = 4B8CE85A29B7E68C00058026 /* Preview Assets.xcassets */; };
		4BD789BB29B7EDE900532A2E /* GoogleService-Info.plist in Resources */ = {isa = PBXBuildFile; fileRef = 4BD789BA29B7EDE900532A2E /* GoogleService-Info.plist */; };
		4BD789BD29B7F7E200532A2E /* SignInView.swift in Sources */ = {isa = PBXBuildFile; fileRef = 4BD789BC29B7F7E200532A2E /* SignInView.swift */; };
		4BD789BF29B7F80D00532A2E /* SignUpView.swift in Sources */ = {isa = PBXBuildFile; fileRef = 4BD789BE29B7F80D00532A2E /* SignUpView.swift */; };
		7E60D0E860ECC5753988319C /* Pods_arvo.framework in Frameworks */ = {isa = PBXBuildFile; fileRef = CFC88268507B2F2959FFDAD5 /* Pods_arvo.framework */; };
/* End PBXBuildFile section */

/* Begin PBXFileReference section */
		401FA67522AFCC6DB03C2E5B /* Pods-arvo.release.xcconfig */ = {isa = PBXFileReference; includeInIndex = 1; lastKnownFileType = text.xcconfig; name = "Pods-arvo.release.xcconfig"; path = "Target Support Files/Pods-arvo/Pods-arvo.release.xcconfig"; sourceTree = "<group>"; };
		4B4AD7B829B9091400C0798D /* FilmNegatives.mp4 */ = {isa = PBXFileReference; lastKnownFileType = file; path = FilmNegatives.mp4; sourceTree = "<group>"; };
		4B515BED29B8002000FB9063 /* RatingView.swift */ = {isa = PBXFileReference; fileEncoding = 4; lastKnownFileType = sourcecode.swift; path = RatingView.swift; sourceTree = "<group>"; };
		4B515BEF29B8002500FB9063 /* SearchView.swift */ = {isa = PBXFileReference; fileEncoding = 4; lastKnownFileType = sourcecode.swift; path = SearchView.swift; sourceTree = "<group>"; };
		4B515BF129B8003A00FB9063 /* BookmarkView.swift */ = {isa = PBXFileReference; fileEncoding = 4; lastKnownFileType = sourcecode.swift; path = BookmarkView.swift; sourceTree = "<group>"; };
		4B515BF329B8004400FB9063 /* DropDownView.swift */ = {isa = PBXFileReference; fileEncoding = 4; lastKnownFileType = sourcecode.swift; path = DropDownView.swift; sourceTree = "<group>"; };
		4B515BF729B8007500FB9063 /* Utilities.swift */ = {isa = PBXFileReference; fileEncoding = 4; lastKnownFileType = sourcecode.swift; path = Utilities.swift; sourceTree = "<group>"; };
		4B515BFA29B8007F00FB9063 /* TmdbRequest.swift */ = {isa = PBXFileReference; fileEncoding = 4; lastKnownFileType = sourcecode.swift; path = TmdbRequest.swift; sourceTree = "<group>"; };
		4B515BFB29B8007F00FB9063 /* Models.swift */ = {isa = PBXFileReference; fileEncoding = 4; lastKnownFileType = sourcecode.swift; path = Models.swift; sourceTree = "<group>"; };
		4B515BFE29B804AF00FB9063 /* PhoneSignUpView.swift */ = {isa = PBXFileReference; lastKnownFileType = sourcecode.swift; path = PhoneSignUpView.swift; sourceTree = "<group>"; };
		4B515C0029B8058200FB9063 /* CountryData.swift */ = {isa = PBXFileReference; fileEncoding = 4; lastKnownFileType = sourcecode.swift; path = CountryData.swift; sourceTree = "<group>"; };
		4B515C0129B8058200FB9063 /* Decoder.swift */ = {isa = PBXFileReference; fileEncoding = 4; lastKnownFileType = sourcecode.swift; path = Decoder.swift; sourceTree = "<group>"; };
		4B515C0429B805C200FB9063 /* CountryNumbers.json */ = {isa = PBXFileReference; fileEncoding = 4; lastKnownFileType = text.json; path = CountryNumbers.json; sourceTree = "<group>"; };
		4B515C0629B805ED00FB9063 /* InitialSelectionView.swift */ = {isa = PBXFileReference; lastKnownFileType = sourcecode.swift; path = InitialSelectionView.swift; sourceTree = "<group>"; };
		4B515C0829B8164E00FB9063 /* UserProfileView.swift */ = {isa = PBXFileReference; lastKnownFileType = sourcecode.swift; path = UserProfileView.swift; sourceTree = "<group>"; };
		4B88104529B7FD8100AA6D5A /* CatalogView.swift */ = {isa = PBXFileReference; lastKnownFileType = sourcecode.swift; path = CatalogView.swift; sourceTree = "<group>"; };
		4B88104729B7FDED00AA6D5A /* DetailView.swift */ = {isa = PBXFileReference; fileEncoding = 4; lastKnownFileType = sourcecode.swift; path = DetailView.swift; sourceTree = "<group>"; };
		4B8CE85029B7E68B00058026 /* arvo.app */ = {isa = PBXFileReference; explicitFileType = wrapper.application; includeInIndex = 0; path = arvo.app; sourceTree = BUILT_PRODUCTS_DIR; };
		4B8CE85329B7E68B00058026 /* arvoApp.swift */ = {isa = PBXFileReference; lastKnownFileType = sourcecode.swift; path = arvoApp.swift; sourceTree = "<group>"; };
		4B8CE85529B7E68B00058026 /* ContentView.swift */ = {isa = PBXFileReference; lastKnownFileType = sourcecode.swift; path = ContentView.swift; sourceTree = "<group>"; };
		4B8CE85729B7E68C00058026 /* Assets.xcassets */ = {isa = PBXFileReference; lastKnownFileType = folder.assetcatalog; path = Assets.xcassets; sourceTree = "<group>"; };
		4B8CE85A29B7E68C00058026 /* Preview Assets.xcassets */ = {isa = PBXFileReference; lastKnownFileType = folder.assetcatalog; path = "Preview Assets.xcassets"; sourceTree = "<group>"; };
		4BD789BA29B7EDE900532A2E /* GoogleService-Info.plist */ = {isa = PBXFileReference; fileEncoding = 4; lastKnownFileType = text.plist.xml; path = "GoogleService-Info.plist"; sourceTree = "<group>"; };
		4BD789BC29B7F7E200532A2E /* SignInView.swift */ = {isa = PBXFileReference; lastKnownFileType = sourcecode.swift; path = SignInView.swift; sourceTree = "<group>"; };
		4BD789BE29B7F80D00532A2E /* SignUpView.swift */ = {isa = PBXFileReference; lastKnownFileType = sourcecode.swift; path = SignUpView.swift; sourceTree = "<group>"; };
		77226F1C65BCF0B84394E6E7 /* Pods-arvo.debug.xcconfig */ = {isa = PBXFileReference; includeInIndex = 1; lastKnownFileType = text.xcconfig; name = "Pods-arvo.debug.xcconfig"; path = "Target Support Files/Pods-arvo/Pods-arvo.debug.xcconfig"; sourceTree = "<group>"; };
		CFC88268507B2F2959FFDAD5 /* Pods_arvo.framework */ = {isa = PBXFileReference; explicitFileType = wrapper.framework; includeInIndex = 0; path = Pods_arvo.framework; sourceTree = BUILT_PRODUCTS_DIR; };
/* End PBXFileReference section */

/* Begin PBXFrameworksBuildPhase section */
		4B8CE84D29B7E68B00058026 /* Frameworks */ = {
			isa = PBXFrameworksBuildPhase;
			buildActionMask = 2147483647;
			files = (
				7E60D0E860ECC5753988319C /* Pods_arvo.framework in Frameworks */,
			);
			runOnlyForDeploymentPostprocessing = 0;
		};
/* End PBXFrameworksBuildPhase section */

/* Begin PBXGroup section */
		22A6B71F36BE2B553EF05F9F /* Pods */ = {
			isa = PBXGroup;
			children = (
				77226F1C65BCF0B84394E6E7 /* Pods-arvo.debug.xcconfig */,
				401FA67522AFCC6DB03C2E5B /* Pods-arvo.release.xcconfig */,
			);
			path = Pods;
			sourceTree = "<group>";
		};
		4B515BF929B8007F00FB9063 /* Model */ = {
			isa = PBXGroup;
			children = (
				4B515BFA29B8007F00FB9063 /* TmdbRequest.swift */,
				4B515BFB29B8007F00FB9063 /* Models.swift */,
			);
			path = Model;
			sourceTree = "<group>";
		};
		4B8CE84729B7E68B00058026 = {
			isa = PBXGroup;
			children = (
				4B8CE85229B7E68B00058026 /* arvo */,
				4B8CE85129B7E68B00058026 /* Products */,
				22A6B71F36BE2B553EF05F9F /* Pods */,
				FD78A58336F409CDB457AFF9 /* Frameworks */,
			);
			sourceTree = "<group>";
		};
		4B8CE85129B7E68B00058026 /* Products */ = {
			isa = PBXGroup;
			children = (
				4B8CE85029B7E68B00058026 /* arvo.app */,
			);
			name = Products;
			sourceTree = "<group>";
		};
		4B8CE85229B7E68B00058026 /* arvo */ = {
			isa = PBXGroup;
			children = (
				4B8CE85329B7E68B00058026 /* arvoApp.swift */,
				4B8CE85529B7E68B00058026 /* ContentView.swift */,
				4B515C0829B8164E00FB9063 /* UserProfileView.swift */,
				4BD789BE29B7F80D00532A2E /* SignUpView.swift */,
				4BD789BC29B7F7E200532A2E /* SignInView.swift */,
				4B515BFE29B804AF00FB9063 /* PhoneSignUpView.swift */,
				4B515C0629B805ED00FB9063 /* InitialSelectionView.swift */,
				4B88104529B7FD8100AA6D5A /* CatalogView.swift */,
				4B515BEF29B8002500FB9063 /* SearchView.swift */,
				4B515BF129B8003A00FB9063 /* BookmarkView.swift */,
				4B515BED29B8002000FB9063 /* RatingView.swift */,
				4B88104729B7FDED00AA6D5A /* DetailView.swift */,
				4B515BF329B8004400FB9063 /* DropDownView.swift */,
				4B515BF729B8007500FB9063 /* Utilities.swift */,
				4B515C0029B8058200FB9063 /* CountryData.swift */,
				4B515C0129B8058200FB9063 /* Decoder.swift */,
				4BD789BA29B7EDE900532A2E /* GoogleService-Info.plist */,
				4B8CE85729B7E68C00058026 /* Assets.xcassets */,
				4B4AD7B829B9091400C0798D /* FilmNegatives.mp4 */,
				4B515BF929B8007F00FB9063 /* Model */,
				4B8CE85929B7E68C00058026 /* Preview Content */,
			);
			path = arvo;
			sourceTree = "<group>";
		};
		4B8CE85929B7E68C00058026 /* Preview Content */ = {
			isa = PBXGroup;
			children = (
				4B8CE85A29B7E68C00058026 /* Preview Assets.xcassets */,
				4B515C0429B805C200FB9063 /* CountryNumbers.json */,
			);
			path = "Preview Content";
			sourceTree = "<group>";
		};
		FD78A58336F409CDB457AFF9 /* Frameworks */ = {
			isa = PBXGroup;
			children = (
				CFC88268507B2F2959FFDAD5 /* Pods_arvo.framework */,
			);
			name = Frameworks;
			sourceTree = "<group>";
		};
/* End PBXGroup section */

/* Begin PBXNativeTarget section */
		4B8CE84F29B7E68B00058026 /* arvo */ = {
			isa = PBXNativeTarget;
			buildConfigurationList = 4B8CE85E29B7E68C00058026 /* Build configuration list for PBXNativeTarget "arvo" */;
			buildPhases = (
				9166842D95FA421F2D755E09 /* [CP] Check Pods Manifest.lock */,
				4B8CE84C29B7E68B00058026 /* Sources */,
				4B8CE84D29B7E68B00058026 /* Frameworks */,
				4B8CE84E29B7E68B00058026 /* Resources */,
				CF477B9BAA489436750D15A1 /* [CP] Embed Pods Frameworks */,
			);
			buildRules = (
			);
			dependencies = (
			);
			name = arvo;
			productName = arvo;
			productReference = 4B8CE85029B7E68B00058026 /* arvo.app */;
			productType = "com.apple.product-type.application";
		};
/* End PBXNativeTarget section */

/* Begin PBXProject section */
		4B8CE84829B7E68B00058026 /* Project object */ = {
			isa = PBXProject;
			attributes = {
				BuildIndependentTargetsInParallel = 1;
				LastSwiftUpdateCheck = 1420;
				LastUpgradeCheck = 1420;
				TargetAttributes = {
					4B8CE84F29B7E68B00058026 = {
						CreatedOnToolsVersion = 14.2;
					};
				};
			};
			buildConfigurationList = 4B8CE84B29B7E68B00058026 /* Build configuration list for PBXProject "arvo" */;
			compatibilityVersion = "Xcode 14.0";
			developmentRegion = en;
			hasScannedForEncodings = 0;
			knownRegions = (
				en,
				Base,
			);
			mainGroup = 4B8CE84729B7E68B00058026;
			productRefGroup = 4B8CE85129B7E68B00058026 /* Products */;
			projectDirPath = "";
			projectRoot = "";
			targets = (
				4B8CE84F29B7E68B00058026 /* arvo */,
			);
		};
/* End PBXProject section */

/* Begin PBXResourcesBuildPhase section */
		4B8CE84E29B7E68B00058026 /* Resources */ = {
			isa = PBXResourcesBuildPhase;
			buildActionMask = 2147483647;
			files = (
				4B4AD7B929B9091400C0798D /* FilmNegatives.mp4 in Resources */,
				4B8CE85B29B7E68C00058026 /* Preview Assets.xcassets in Resources */,
				4B8CE85829B7E68C00058026 /* Assets.xcassets in Resources */,
				4BD789BB29B7EDE900532A2E /* GoogleService-Info.plist in Resources */,
				4B515C0529B805C200FB9063 /* CountryNumbers.json in Resources */,
			);
			runOnlyForDeploymentPostprocessing = 0;
		};
/* End PBXResourcesBuildPhase section */

/* Begin PBXShellScriptBuildPhase section */
		9166842D95FA421F2D755E09 /* [CP] Check Pods Manifest.lock */ = {
			isa = PBXShellScriptBuildPhase;
			buildActionMask = 2147483647;
			files = (
			);
			inputFileListPaths = (
			);
			inputPaths = (
				"${PODS_PODFILE_DIR_PATH}/Podfile.lock",
				"${PODS_ROOT}/Manifest.lock",
			);
			name = "[CP] Check Pods Manifest.lock";
			outputFileListPaths = (
			);
			outputPaths = (
				"$(DERIVED_FILE_DIR)/Pods-arvo-checkManifestLockResult.txt",
			);
			runOnlyForDeploymentPostprocessing = 0;
			shellPath = /bin/sh;
			shellScript = "diff \"${PODS_PODFILE_DIR_PATH}/Podfile.lock\" \"${PODS_ROOT}/Manifest.lock\" > /dev/null\nif [ $? != 0 ] ; then\n    # print error to STDERR\n    echo \"error: The sandbox is not in sync with the Podfile.lock. Run 'pod install' or update your CocoaPods installation.\" >&2\n    exit 1\nfi\n# This output is used by Xcode 'outputs' to avoid re-running this script phase.\necho \"SUCCESS\" > \"${SCRIPT_OUTPUT_FILE_0}\"\n";
			showEnvVarsInLog = 0;
		};
		CF477B9BAA489436750D15A1 /* [CP] Embed Pods Frameworks */ = {
			isa = PBXShellScriptBuildPhase;
			buildActionMask = 2147483647;
			files = (
			);
			inputFileListPaths = (
				"${PODS_ROOT}/Target Support Files/Pods-arvo/Pods-arvo-frameworks-${CONFIGURATION}-input-files.xcfilelist",
			);
			name = "[CP] Embed Pods Frameworks";
			outputFileListPaths = (
				"${PODS_ROOT}/Target Support Files/Pods-arvo/Pods-arvo-frameworks-${CONFIGURATION}-output-files.xcfilelist",
			);
			runOnlyForDeploymentPostprocessing = 0;
			shellPath = /bin/sh;
			shellScript = "\"${PODS_ROOT}/Target Support Files/Pods-arvo/Pods-arvo-frameworks.sh\"\n";
			showEnvVarsInLog = 0;
		};
/* End PBXShellScriptBuildPhase section */

/* Begin PBXSourcesBuildPhase section */
		4B8CE84C29B7E68B00058026 /* Sources */ = {
			isa = PBXSourcesBuildPhase;
			buildActionMask = 2147483647;
			files = (
				4B515BF229B8003A00FB9063 /* BookmarkView.swift in Sources */,
				4B515C0929B8164E00FB9063 /* UserProfileView.swift in Sources */,
				4B515C0229B8058200FB9063 /* CountryData.swift in Sources */,
				4B515BFD29B8007F00FB9063 /* Models.swift in Sources */,
				4B515BF429B8004400FB9063 /* DropDownView.swift in Sources */,
				4B515BFF29B804AF00FB9063 /* PhoneSignUpView.swift in Sources */,
				4B515BF829B8007500FB9063 /* Utilities.swift in Sources */,
				4BD789BF29B7F80D00532A2E /* SignUpView.swift in Sources */,
				4BD789BD29B7F7E200532A2E /* SignInView.swift in Sources */,
				4B88104829B7FDED00AA6D5A /* DetailView.swift in Sources */,
				4B8CE85629B7E68B00058026 /* ContentView.swift in Sources */,
				4B515BF029B8002500FB9063 /* SearchView.swift in Sources */,
				4B515BFC29B8007F00FB9063 /* TmdbRequest.swift in Sources */,
				4B88104629B7FD8100AA6D5A /* CatalogView.swift in Sources */,
				4B515C0729B805ED00FB9063 /* InitialSelectionView.swift in Sources */,
				4B8CE85429B7E68B00058026 /* arvoApp.swift in Sources */,
				4B515C0329B8058200FB9063 /* Decoder.swift in Sources */,
				4B515BEE29B8002000FB9063 /* RatingView.swift in Sources */,
			);
			runOnlyForDeploymentPostprocessing = 0;
		};
/* End PBXSourcesBuildPhase section */

/* Begin XCBuildConfiguration section */
		4B8CE85C29B7E68C00058026 /* Debug */ = {
			isa = XCBuildConfiguration;
			buildSettings = {
				ALWAYS_SEARCH_USER_PATHS = NO;
				CLANG_ANALYZER_NONNULL = YES;
				CLANG_ANALYZER_NUMBER_OBJECT_CONVERSION = YES_AGGRESSIVE;
				CLANG_CXX_LANGUAGE_STANDARD = "gnu++20";
				CLANG_ENABLE_MODULES = YES;
				CLANG_ENABLE_OBJC_ARC = YES;
				CLANG_ENABLE_OBJC_WEAK = YES;
				CLANG_WARN_BLOCK_CAPTURE_AUTORELEASING = YES;
				CLANG_WARN_BOOL_CONVERSION = YES;
				CLANG_WARN_COMMA = YES;
				CLANG_WARN_CONSTANT_CONVERSION = YES;
				CLANG_WARN_DEPRECATED_OBJC_IMPLEMENTATIONS = YES;
				CLANG_WARN_DIRECT_OBJC_ISA_USAGE = YES_ERROR;
				CLANG_WARN_DOCUMENTATION_COMMENTS = YES;
				CLANG_WARN_EMPTY_BODY = YES;
				CLANG_WARN_ENUM_CONVERSION = YES;
				CLANG_WARN_INFINITE_RECURSION = YES;
				CLANG_WARN_INT_CONVERSION = YES;
				CLANG_WARN_NON_LITERAL_NULL_CONVERSION = YES;
				CLANG_WARN_OBJC_IMPLICIT_RETAIN_SELF = YES;
				CLANG_WARN_OBJC_LITERAL_CONVERSION = YES;
				CLANG_WARN_OBJC_ROOT_CLASS = YES_ERROR;
				CLANG_WARN_QUOTED_INCLUDE_IN_FRAMEWORK_HEADER = YES;
				CLANG_WARN_RANGE_LOOP_ANALYSIS = YES;
				CLANG_WARN_STRICT_PROTOTYPES = YES;
				CLANG_WARN_SUSPICIOUS_MOVE = YES;
				CLANG_WARN_UNGUARDED_AVAILABILITY = YES_AGGRESSIVE;
				CLANG_WARN_UNREACHABLE_CODE = YES;
				CLANG_WARN__DUPLICATE_METHOD_MATCH = YES;
				COPY_PHASE_STRIP = NO;
				DEBUG_INFORMATION_FORMAT = dwarf;
				ENABLE_STRICT_OBJC_MSGSEND = YES;
				ENABLE_TESTABILITY = YES;
				GCC_C_LANGUAGE_STANDARD = gnu11;
				GCC_DYNAMIC_NO_PIC = NO;
				GCC_NO_COMMON_BLOCKS = YES;
				GCC_OPTIMIZATION_LEVEL = 0;
				GCC_PREPROCESSOR_DEFINITIONS = (
					"DEBUG=1",
					"$(inherited)",
				);
				GCC_WARN_64_TO_32_BIT_CONVERSION = YES;
				GCC_WARN_ABOUT_RETURN_TYPE = YES_ERROR;
				GCC_WARN_UNDECLARED_SELECTOR = YES;
				GCC_WARN_UNINITIALIZED_AUTOS = YES_AGGRESSIVE;
				GCC_WARN_UNUSED_FUNCTION = YES;
				GCC_WARN_UNUSED_VARIABLE = YES;
				IPHONEOS_DEPLOYMENT_TARGET = 16.2;
				MTL_ENABLE_DEBUG_INFO = INCLUDE_SOURCE;
				MTL_FAST_MATH = YES;
				ONLY_ACTIVE_ARCH = YES;
				SDKROOT = iphoneos;
				SWIFT_ACTIVE_COMPILATION_CONDITIONS = DEBUG;
				SWIFT_OPTIMIZATION_LEVEL = "-Onone";
			};
			name = Debug;
		};
		4B8CE85D29B7E68C00058026 /* Release */ = {
			isa = XCBuildConfiguration;
			buildSettings = {
				ALWAYS_SEARCH_USER_PATHS = NO;
				CLANG_ANALYZER_NONNULL = YES;
				CLANG_ANALYZER_NUMBER_OBJECT_CONVERSION = YES_AGGRESSIVE;
				CLANG_CXX_LANGUAGE_STANDARD = "gnu++20";
				CLANG_ENABLE_MODULES = YES;
				CLANG_ENABLE_OBJC_ARC = YES;
				CLANG_ENABLE_OBJC_WEAK = YES;
				CLANG_WARN_BLOCK_CAPTURE_AUTORELEASING = YES;
				CLANG_WARN_BOOL_CONVERSION = YES;
				CLANG_WARN_COMMA = YES;
				CLANG_WARN_CONSTANT_CONVERSION = YES;
				CLANG_WARN_DEPRECATED_OBJC_IMPLEMENTATIONS = YES;
				CLANG_WARN_DIRECT_OBJC_ISA_USAGE = YES_ERROR;
				CLANG_WARN_DOCUMENTATION_COMMENTS = YES;
				CLANG_WARN_EMPTY_BODY = YES;
				CLANG_WARN_ENUM_CONVERSION = YES;
				CLANG_WARN_INFINITE_RECURSION = YES;
				CLANG_WARN_INT_CONVERSION = YES;
				CLANG_WARN_NON_LITERAL_NULL_CONVERSION = YES;
				CLANG_WARN_OBJC_IMPLICIT_RETAIN_SELF = YES;
				CLANG_WARN_OBJC_LITERAL_CONVERSION = YES;
				CLANG_WARN_OBJC_ROOT_CLASS = YES_ERROR;
				CLANG_WARN_QUOTED_INCLUDE_IN_FRAMEWORK_HEADER = YES;
				CLANG_WARN_RANGE_LOOP_ANALYSIS = YES;
				CLANG_WARN_STRICT_PROTOTYPES = YES;
				CLANG_WARN_SUSPICIOUS_MOVE = YES;
				CLANG_WARN_UNGUARDED_AVAILABILITY = YES_AGGRESSIVE;
				CLANG_WARN_UNREACHABLE_CODE = YES;
				CLANG_WARN__DUPLICATE_METHOD_MATCH = YES;
				COPY_PHASE_STRIP = NO;
				DEBUG_INFORMATION_FORMAT = "dwarf-with-dsym";
				ENABLE_NS_ASSERTIONS = NO;
				ENABLE_STRICT_OBJC_MSGSEND = YES;
				GCC_C_LANGUAGE_STANDARD = gnu11;
				GCC_NO_COMMON_BLOCKS = YES;
				GCC_WARN_64_TO_32_BIT_CONVERSION = YES;
				GCC_WARN_ABOUT_RETURN_TYPE = YES_ERROR;
				GCC_WARN_UNDECLARED_SELECTOR = YES;
				GCC_WARN_UNINITIALIZED_AUTOS = YES_AGGRESSIVE;
				GCC_WARN_UNUSED_FUNCTION = YES;
				GCC_WARN_UNUSED_VARIABLE = YES;
				IPHONEOS_DEPLOYMENT_TARGET = 16.2;
				MTL_ENABLE_DEBUG_INFO = NO;
				MTL_FAST_MATH = YES;
				SDKROOT = iphoneos;
				SWIFT_COMPILATION_MODE = wholemodule;
				SWIFT_OPTIMIZATION_LEVEL = "-O";
				VALIDATE_PRODUCT = YES;
			};
			name = Release;
		};
		4B8CE85F29B7E68C00058026 /* Debug */ = {
			isa = XCBuildConfiguration;
			baseConfigurationReference = 77226F1C65BCF0B84394E6E7 /* Pods-arvo.debug.xcconfig */;
			buildSettings = {
				ASSETCATALOG_COMPILER_APPICON_NAME = AppIcon;
				ASSETCATALOG_COMPILER_GLOBAL_ACCENT_COLOR_NAME = AccentColor;
				CODE_SIGN_STYLE = Automatic;
				CURRENT_PROJECT_VERSION = 1;
				DEVELOPMENT_ASSET_PATHS = "\"arvo/Preview Content\"";
				DEVELOPMENT_TEAM = QNRZCZCWSJ;
				ENABLE_PREVIEWS = YES;
				GENERATE_INFOPLIST_FILE = YES;
				INFOPLIST_KEY_UIApplicationSceneManifest_Generation = YES;
				INFOPLIST_KEY_UIApplicationSupportsIndirectInputEvents = YES;
				INFOPLIST_KEY_UILaunchScreen_Generation = YES;
				INFOPLIST_KEY_UISupportedInterfaceOrientations_iPad = "UIInterfaceOrientationPortrait UIInterfaceOrientationPortraitUpsideDown UIInterfaceOrientationLandscapeLeft UIInterfaceOrientationLandscapeRight";
				INFOPLIST_KEY_UISupportedInterfaceOrientations_iPhone = "UIInterfaceOrientationPortrait UIInterfaceOrientationLandscapeLeft UIInterfaceOrientationLandscapeRight";
				LD_RUNPATH_SEARCH_PATHS = (
					"$(inherited)",
					"@executable_path/Frameworks",
				);
				MARKETING_VERSION = 1.0;
				PRODUCT_BUNDLE_IDENTIFIER = com.project3.arvo;
				PRODUCT_NAME = "$(TARGET_NAME)";
				SWIFT_EMIT_LOC_STRINGS = YES;
				SWIFT_VERSION = 5.0;
				TARGETED_DEVICE_FAMILY = "1,2";
			};
			name = Debug;
		};
		4B8CE86029B7E68C00058026 /* Release */ = {
			isa = XCBuildConfiguration;
			baseConfigurationReference = 401FA67522AFCC6DB03C2E5B /* Pods-arvo.release.xcconfig */;
			buildSettings = {
				ASSETCATALOG_COMPILER_APPICON_NAME = AppIcon;
				ASSETCATALOG_COMPILER_GLOBAL_ACCENT_COLOR_NAME = AccentColor;
				CODE_SIGN_STYLE = Automatic;
				CURRENT_PROJECT_VERSION = 1;
				DEVELOPMENT_ASSET_PATHS = "\"arvo/Preview Content\"";
				DEVELOPMENT_TEAM = QNRZCZCWSJ;
				ENABLE_PREVIEWS = YES;
				GENERATE_INFOPLIST_FILE = YES;
				INFOPLIST_KEY_UIApplicationSceneManifest_Generation = YES;
				INFOPLIST_KEY_UIApplicationSupportsIndirectInputEvents = YES;
				INFOPLIST_KEY_UILaunchScreen_Generation = YES;
				INFOPLIST_KEY_UISupportedInterfaceOrientations_iPad = "UIInterfaceOrientationPortrait UIInterfaceOrientationPortraitUpsideDown UIInterfaceOrientationLandscapeLeft UIInterfaceOrientationLandscapeRight";
				INFOPLIST_KEY_UISupportedInterfaceOrientations_iPhone = "UIInterfaceOrientationPortrait UIInterfaceOrientationLandscapeLeft UIInterfaceOrientationLandscapeRight";
				LD_RUNPATH_SEARCH_PATHS = (
					"$(inherited)",
					"@executable_path/Frameworks",
				);
				MARKETING_VERSION = 1.0;
				PRODUCT_BUNDLE_IDENTIFIER = com.project3.arvo;
				PRODUCT_NAME = "$(TARGET_NAME)";
				SWIFT_EMIT_LOC_STRINGS = YES;
				SWIFT_VERSION = 5.0;
				TARGETED_DEVICE_FAMILY = "1,2";
			};
			name = Release;
		};
/* End XCBuildConfiguration section */

/* Begin XCConfigurationList section */
		4B8CE84B29B7E68B00058026 /* Build configuration list for PBXProject "arvo" */ = {
			isa = XCConfigurationList;
			buildConfigurations = (
				4B8CE85C29B7E68C00058026 /* Debug */,
				4B8CE85D29B7E68C00058026 /* Release */,
			);
			defaultConfigurationIsVisible = 0;
			defaultConfigurationName = Release;
		};
		4B8CE85E29B7E68C00058026 /* Build configuration list for PBXNativeTarget "arvo" */ = {
			isa = XCConfigurationList;
			buildConfigurations = (
				4B8CE85F29B7E68C00058026 /* Debug */,
				4B8CE86029B7E68C00058026 /* Release */,
			);
			defaultConfigurationIsVisible = 0;
			defaultConfigurationName = Release;
		};
/* End XCConfigurationList section */
	};
	rootObject = 4B8CE84829B7E68B00058026 /* Project object */;
}
